
Microsoft Visual Studio Solution File, Format Version 12.00
# Visual Studio Version 16
VisualStudioVersion = 16.0.33529.622
MinimumVisualStudioVersion = 10.0.40219.1
Project("{FAE04EC0-301F-11D3-BF4B-00C04F79EFBC}") = "ControlDeProyectoDeGrado", "ControlDeProyectoDeGrado\ControlDeProyectoDeGrado.csproj", "{BEE6E242-86C9-4C95-B3F4-3562B4C7B9D7}"
EndProject
Global
	GlobalSection(SolutionConfigurationPlatforms) = preSolution
		Debug|Any CPU = Debug|Any CPU
		Release|Any CPU = Release|Any CPU
	EndGlobalSection
	GlobalSection(ProjectConfigurationPlatforms) = postSolution
		{BEE6E242-86C9-4C95-B3F4-3562B4C7B9D7}.Debug|Any CPU.ActiveCfg = Debug|Any CPU
		{BEE6E242-86C9-4C95-B3F4-3562B4C7B9D7}.Debug|Any CPU.Build.0 = Debug|Any CPU
		{BEE6E242-86C9-4C95-B3F4-3562B4C7B9D7}.Release|Any CPU.ActiveCfg = Release|Any CPU
		{BEE6E242-86C9-4C95-B3F4-3562B4C7B9D7}.Release|Any CPU.Build.0 = Release|Any CPU
	EndGlobalSection
	GlobalSection(SolutionProperties) = preSolution
		HideSolutionNode = FALSE
	EndGlobalSection
	GlobalSection(ExtensibilityGlobals) = postSolution
		SolutionGuid = {8178B4CD-AE0B-455A-BC30-F25897AF31D6}
	EndGlobalSection
EndGlobal
